
Microsoft Visual Studio Solution File, Format Version 11.00
# Visual Studio 2010
Project("{FAE04EC0-301F-11D3-BF4B-00C04F79EFBC}") = "CSBot.Robots", "CSBot.Robots\CSBot.Robots.csproj", "{DA961973-22A1-4F30-BE36-0535EA632D71}"
EndProject
Project("{FAE04EC0-301F-11D3-BF4B-00C04F79EFBC}") = "CSRobots", "CSRobots\CSRobots.csproj", "{10AB251F-7F37-4291-A086-AC219B6585F9}"
EndProject
Project("{FAE04EC0-301F-11D3-BF4B-00C04F79EFBC}") = "SittingDuck", "SittingDuck\SittingDuck.csproj", "{5E6603C0-EDD3-431F-909D-AD87647F048E}"
EndProject
Project("{FAE04EC0-301F-11D3-BF4B-00C04F79EFBC}") = "CSRobots.ViewModels", "CSRobots.ViewModels\CSRobots.ViewModels.csproj", "{046AE40E-0182-4429-8AE6-5D27198E361C}"
EndProject
Global
	GlobalSection(SolutionConfigurationPlatforms) = preSolution
		Debug|Any CPU = Debug|Any CPU
		Debug|Mixed Platforms = Debug|Mixed Platforms
		Debug|x86 = Debug|x86
		Release|Any CPU = Release|Any CPU
		Release|Mixed Platforms = Release|Mixed Platforms
		Release|x86 = Release|x86
	EndGlobalSection
	GlobalSection(ProjectConfigurationPlatforms) = postSolution
		{DA961973-22A1-4F30-BE36-0535EA632D71}.Debug|Any CPU.ActiveCfg = Debug|Any CPU
		{DA961973-22A1-4F30-BE36-0535EA632D71}.Debug|Any CPU.Build.0 = Debug|Any CPU
		{DA961973-22A1-4F30-BE36-0535EA632D71}.Debug|Mixed Platforms.ActiveCfg = Debug|Any CPU
		{DA961973-22A1-4F30-BE36-0535EA632D71}.Debug|Mixed Platforms.Build.0 = Debug|Any CPU
		{DA961973-22A1-4F30-BE36-0535EA632D71}.Debug|x86.ActiveCfg = Debug|Any CPU
		{DA961973-22A1-4F30-BE36-0535EA632D71}.Release|Any CPU.ActiveCfg = Release|Any CPU
		{DA961973-22A1-4F30-BE36-0535EA632D71}.Release|Any CPU.Build.0 = Release|Any CPU
		{DA961973-22A1-4F30-BE36-0535EA632D71}.Release|Mixed Platforms.ActiveCfg = Release|Any CPU
		{DA961973-22A1-4F30-BE36-0535EA632D71}.Release|Mixed Platforms.Build.0 = Release|Any CPU
		{DA961973-22A1-4F30-BE36-0535EA632D71}.Release|x86.ActiveCfg = Release|Any CPU
		{10AB251F-7F37-4291-A086-AC219B6585F9}.Debug|Any CPU.ActiveCfg = Debug|x86
		{10AB251F-7F37-4291-A086-AC219B6585F9}.Debug|Mixed Platforms.ActiveCfg = Debug|x86
		{10AB251F-7F37-4291-A086-AC219B6585F9}.Debug|Mixed Platforms.Build.0 = Debug|x86
		{10AB251F-7F37-4291-A086-AC219B6585F9}.Debug|x86.ActiveCfg = Debug|x86
		{10AB251F-7F37-4291-A086-AC219B6585F9}.Debug|x86.Build.0 = Debug|x86
		{10AB251F-7F37-4291-A086-AC219B6585F9}.Release|Any CPU.ActiveCfg = Release|x86
		{10AB251F-7F37-4291-A086-AC219B6585F9}.Release|Mixed Platforms.ActiveCfg = Release|x86
		{10AB251F-7F37-4291-A086-AC219B6585F9}.Release|Mixed Platforms.Build.0 = Release|x86
		{10AB251F-7F37-4291-A086-AC219B6585F9}.Release|x86.ActiveCfg = Release|x86
		{10AB251F-7F37-4291-A086-AC219B6585F9}.Release|x86.Build.0 = Release|x86
		{5E6603C0-EDD3-431F-909D-AD87647F048E}.Debug|Any CPU.ActiveCfg = Debug|Any CPU
		{5E6603C0-EDD3-431F-909D-AD87647F048E}.Debug|Any CPU.Build.0 = Debug|Any CPU
		{5E6603C0-EDD3-431F-909D-AD87647F048E}.Debug|Mixed Platforms.ActiveCfg = Debug|Any CPU
		{5E6603C0-EDD3-431F-909D-AD87647F048E}.Debug|Mixed Platforms.Build.0 = Debug|Any CPU
		{5E6603C0-EDD3-431F-909D-AD87647F048E}.Debug|x86.ActiveCfg = Debug|Any CPU
		{5E6603C0-EDD3-431F-909D-AD87647F048E}.Release|Any CPU.ActiveCfg = Release|Any CPU
		{5E6603C0-EDD3-431F-909D-AD87647F048E}.Release|Any CPU.Build.0 = Release|Any CPU
		{5E6603C0-EDD3-431F-909D-AD87647F048E}.Release|Mixed Platforms.ActiveCfg = Release|Any CPU
		{5E6603C0-EDD3-431F-909D-AD87647F048E}.Release|Mixed Platforms.Build.0 = Release|Any CPU
		{5E6603C0-EDD3-431F-909D-AD87647F048E}.Release|x86.ActiveCfg = Release|Any CPU
		{046AE40E-0182-4429-8AE6-5D27198E361C}.Debug|Any CPU.ActiveCfg = Debug|Any CPU
		{046AE40E-0182-4429-8AE6-5D27198E361C}.Debug|Any CPU.Build.0 = Debug|Any CPU
		{046AE40E-0182-4429-8AE6-5D27198E361C}.Debug|Mixed Platforms.ActiveCfg = Debug|Any CPU
		{046AE40E-0182-4429-8AE6-5D27198E361C}.Debug|Mixed Platforms.Build.0 = Debug|Any CPU
		{046AE40E-0182-4429-8AE6-5D27198E361C}.Debug|x86.ActiveCfg = Debug|Any CPU
		{046AE40E-0182-4429-8AE6-5D27198E361C}.Release|Any CPU.ActiveCfg = Release|Any CPU
		{046AE40E-0182-4429-8AE6-5D27198E361C}.Release|Any CPU.Build.0 = Release|Any CPU
		{046AE40E-0182-4429-8AE6-5D27198E361C}.Release|Mixed Platforms.ActiveCfg = Release|Any CPU
		{046AE40E-0182-4429-8AE6-5D27198E361C}.Release|Mixed Platforms.Build.0 = Release|Any CPU
		{046AE40E-0182-4429-8AE6-5D27198E361C}.Release|x86.ActiveCfg = Release|Any CPU
	EndGlobalSection
	GlobalSection(SolutionProperties) = preSolution
		HideSolutionNode = FALSE
	EndGlobalSection
EndGlobal
