
Microsoft Visual Studio Solution File, Format Version 11.00
# Visual Studio 2010
Project("{FAE04EC0-301F-11D3-BF4B-00C04F79EFBC}") = "TheBots", "TheBots\TheBots.csproj", "{C51BE02A-838C-45FF-8592-3DFAA630962E}"
EndProject
Project("{FAE04EC0-301F-11D3-BF4B-00C04F79EFBC}") = "SittingDuck", "..\CSBot.Robots\SittingDuck\SittingDuck.csproj", "{5E6603C0-EDD3-431F-909D-AD87647F048E}"
EndProject
Project("{FAE04EC0-301F-11D3-BF4B-00C04F79EFBC}") = "NervousDuck", "..\CSBot.Robots\NervousDuck\NervousDuck.csproj", "{EDD03EA6-EEA7-49F1-815C-01BBEA670F54}"
EndProject
Project("{FAE04EC0-301F-11D3-BF4B-00C04F79EFBC}") = "Kite2", "Kite2\Kite2.csproj", "{1428AB1C-0245-4157-B602-D2A2F0EEF3B3}"
EndProject
Project("{FAE04EC0-301F-11D3-BF4B-00C04F79EFBC}") = "Pair", "Pair\Pair.csproj", "{51111AFA-3E2E-461F-9697-3A5302B8031A}"
EndProject
Project("{FAE04EC0-301F-11D3-BF4B-00C04F79EFBC}") = "Ente", "Ente\Ente.csproj", "{CBFBE859-1433-4386-BD60-26D31E90AB2C}"
EndProject
Global
	GlobalSection(SolutionConfigurationPlatforms) = preSolution
		Debug|Any CPU = Debug|Any CPU
		Release|Any CPU = Release|Any CPU
	EndGlobalSection
	GlobalSection(ProjectConfigurationPlatforms) = postSolution
		{C51BE02A-838C-45FF-8592-3DFAA630962E}.Debug|Any CPU.ActiveCfg = Debug|Any CPU
		{C51BE02A-838C-45FF-8592-3DFAA630962E}.Debug|Any CPU.Build.0 = Debug|Any CPU
		{C51BE02A-838C-45FF-8592-3DFAA630962E}.Release|Any CPU.ActiveCfg = Release|Any CPU
		{C51BE02A-838C-45FF-8592-3DFAA630962E}.Release|Any CPU.Build.0 = Release|Any CPU
		{5E6603C0-EDD3-431F-909D-AD87647F048E}.Debug|Any CPU.ActiveCfg = Debug|Any CPU
		{5E6603C0-EDD3-431F-909D-AD87647F048E}.Debug|Any CPU.Build.0 = Debug|Any CPU
		{5E6603C0-EDD3-431F-909D-AD87647F048E}.Release|Any CPU.ActiveCfg = Release|Any CPU
		{5E6603C0-EDD3-431F-909D-AD87647F048E}.Release|Any CPU.Build.0 = Release|Any CPU
		{EDD03EA6-EEA7-49F1-815C-01BBEA670F54}.Debug|Any CPU.ActiveCfg = Debug|Any CPU
		{EDD03EA6-EEA7-49F1-815C-01BBEA670F54}.Debug|Any CPU.Build.0 = Debug|Any CPU
		{EDD03EA6-EEA7-49F1-815C-01BBEA670F54}.Release|Any CPU.ActiveCfg = Release|Any CPU
		{EDD03EA6-EEA7-49F1-815C-01BBEA670F54}.Release|Any CPU.Build.0 = Release|Any CPU
		{1428AB1C-0245-4157-B602-D2A2F0EEF3B3}.Debug|Any CPU.ActiveCfg = Debug|Any CPU
		{1428AB1C-0245-4157-B602-D2A2F0EEF3B3}.Debug|Any CPU.Build.0 = Debug|Any CPU
		{1428AB1C-0245-4157-B602-D2A2F0EEF3B3}.Release|Any CPU.ActiveCfg = Release|Any CPU
		{1428AB1C-0245-4157-B602-D2A2F0EEF3B3}.Release|Any CPU.Build.0 = Release|Any CPU
		{51111AFA-3E2E-461F-9697-3A5302B8031A}.Debug|Any CPU.ActiveCfg = Debug|Any CPU
		{51111AFA-3E2E-461F-9697-3A5302B8031A}.Debug|Any CPU.Build.0 = Debug|Any CPU
		{51111AFA-3E2E-461F-9697-3A5302B8031A}.Release|Any CPU.ActiveCfg = Release|Any CPU
		{51111AFA-3E2E-461F-9697-3A5302B8031A}.Release|Any CPU.Build.0 = Release|Any CPU
		{CBFBE859-1433-4386-BD60-26D31E90AB2C}.Debug|Any CPU.ActiveCfg = Debug|Any CPU
		{CBFBE859-1433-4386-BD60-26D31E90AB2C}.Debug|Any CPU.Build.0 = Debug|Any CPU
		{CBFBE859-1433-4386-BD60-26D31E90AB2C}.Release|Any CPU.ActiveCfg = Release|Any CPU
		{CBFBE859-1433-4386-BD60-26D31E90AB2C}.Release|Any CPU.Build.0 = Release|Any CPU
	EndGlobalSection
	GlobalSection(SolutionProperties) = preSolution
		HideSolutionNode = FALSE
	EndGlobalSection
EndGlobal
